
Microsoft Visual Studio Solution File, Format Version 12.00
# Visual Studio Version 17
VisualStudioVersion = 17.1.32421.90
MinimumVisualStudioVersion = 10.0.40219.1
Project("{9A19103F-16F7-4668-BE54-9A1E7A4F7556}") = "Console_Management_of_medical_clinic", "Management_of_medical_clinic\Console_Management_of_medical_clinic.csproj", "{A9F5CC02-2D06-4E7F-99B2-F5DF06B10362}"
EndProject
Project("{9A19103F-16F7-4668-BE54-9A1E7A4F7556}") = "GUI_Management_of_medical_clinic", "GUI_Management_of_medical_clinic\GUI_Management_of_medical_clinic.csproj", "{43BFA69A-28F0-407D-A677-671879D810E9}"
EndProject
Project("{2150E333-8FDC-42A3-9474-1A3956D46DE8}") = "Tests", "Tests", "{1117D911-973E-4D7F-A979-8990674C3475}"
EndProject
Project("{9A19103F-16F7-4668-BE54-9A1E7A4F7556}") = "Employee.UnitTests", "Employee.UnitTests\Employee.UnitTests.csproj", "{AEC47ED4-B940-4A50-9313-BB9AE53E9BD6}"
EndProject
Project("{9A19103F-16F7-4668-BE54-9A1E7A4F7556}") = "MedicalClinicTest", "MedicalClinicTest\MedicalClinicTest.csproj", "{A1B4465E-CF4E-4ECA-97C1-E24375B34F07}"
EndProject
Project("{9A19103F-16F7-4668-BE54-9A1E7A4F7556}") = "Calendar", "..\..\..\..\..\Desktop\Calendar\Calendar.csproj", "{984D8908-8239-4937-8D02-77F6DE7C425D}"
EndProject
Global
	GlobalSection(SolutionConfigurationPlatforms) = preSolution
		Debug|Any CPU = Debug|Any CPU
		Release|Any CPU = Release|Any CPU
	EndGlobalSection
	GlobalSection(ProjectConfigurationPlatforms) = postSolution
		{A9F5CC02-2D06-4E7F-99B2-F5DF06B10362}.Debug|Any CPU.ActiveCfg = Debug|Any CPU
		{A9F5CC02-2D06-4E7F-99B2-F5DF06B10362}.Debug|Any CPU.Build.0 = Debug|Any CPU
		{A9F5CC02-2D06-4E7F-99B2-F5DF06B10362}.Release|Any CPU.ActiveCfg = Release|Any CPU
		{A9F5CC02-2D06-4E7F-99B2-F5DF06B10362}.Release|Any CPU.Build.0 = Release|Any CPU
		{43BFA69A-28F0-407D-A677-671879D810E9}.Debug|Any CPU.ActiveCfg = Debug|Any CPU
		{43BFA69A-28F0-407D-A677-671879D810E9}.Debug|Any CPU.Build.0 = Debug|Any CPU
		{43BFA69A-28F0-407D-A677-671879D810E9}.Release|Any CPU.ActiveCfg = Release|Any CPU
		{43BFA69A-28F0-407D-A677-671879D810E9}.Release|Any CPU.Build.0 = Release|Any CPU
		{AEC47ED4-B940-4A50-9313-BB9AE53E9BD6}.Debug|Any CPU.ActiveCfg = Debug|Any CPU
		{AEC47ED4-B940-4A50-9313-BB9AE53E9BD6}.Debug|Any CPU.Build.0 = Debug|Any CPU
		{AEC47ED4-B940-4A50-9313-BB9AE53E9BD6}.Release|Any CPU.ActiveCfg = Release|Any CPU
		{AEC47ED4-B940-4A50-9313-BB9AE53E9BD6}.Release|Any CPU.Build.0 = Release|Any CPU
		{A1B4465E-CF4E-4ECA-97C1-E24375B34F07}.Debug|Any CPU.ActiveCfg = Debug|Any CPU
		{A1B4465E-CF4E-4ECA-97C1-E24375B34F07}.Debug|Any CPU.Build.0 = Debug|Any CPU
		{A1B4465E-CF4E-4ECA-97C1-E24375B34F07}.Release|Any CPU.ActiveCfg = Release|Any CPU
		{A1B4465E-CF4E-4ECA-97C1-E24375B34F07}.Release|Any CPU.Build.0 = Release|Any CPU
		{984D8908-8239-4937-8D02-77F6DE7C425D}.Debug|Any CPU.ActiveCfg = Debug|Any CPU
		{984D8908-8239-4937-8D02-77F6DE7C425D}.Debug|Any CPU.Build.0 = Debug|Any CPU
		{984D8908-8239-4937-8D02-77F6DE7C425D}.Release|Any CPU.ActiveCfg = Release|Any CPU
		{984D8908-8239-4937-8D02-77F6DE7C425D}.Release|Any CPU.Build.0 = Release|Any CPU
	EndGlobalSection
	GlobalSection(SolutionProperties) = preSolution
		HideSolutionNode = FALSE
	EndGlobalSection
	GlobalSection(NestedProjects) = preSolution
		{AEC47ED4-B940-4A50-9313-BB9AE53E9BD6} = {1117D911-973E-4D7F-A979-8990674C3475}
	EndGlobalSection
	GlobalSection(ExtensibilityGlobals) = postSolution
		SolutionGuid = {61515E0A-2A14-49FC-BCE3-AF86A62585D1}
	EndGlobalSection
EndGlobal
