
Microsoft Visual Studio Solution File, Format Version 12.00
# Visual Studio Version 17
VisualStudioVersion = 17.1.32421.90
MinimumVisualStudioVersion = 10.0.40219.1
Project("{FAE04EC0-301F-11D3-BF4B-00C04F79EFBC}") = "Console_Management_of_medical_clinic", "Management_of_medical_clinic\Console_Management_of_medical_clinic.csproj", "{A9F5CC02-2D06-4E7F-99B2-F5DF06B10362}"
EndProject
Project("{FAE04EC0-301F-11D3-BF4B-00C04F79EFBC}") = "GUI_Management_of_medical_clinic", "GUI_Management_of_medical_clinic\GUI_Management_of_medical_clinic.csproj", "{43BFA69A-28F0-407D-A677-671879D810E9}"
EndProject
Global
	GlobalSection(SolutionConfigurationPlatforms) = preSolution
		Debug|Any CPU = Debug|Any CPU
		Release|Any CPU = Release|Any CPU
	EndGlobalSection
	GlobalSection(ProjectConfigurationPlatforms) = postSolution
		{A9F5CC02-2D06-4E7F-99B2-F5DF06B10362}.Debug|Any CPU.ActiveCfg = Debug|Any CPU
		{A9F5CC02-2D06-4E7F-99B2-F5DF06B10362}.Debug|Any CPU.Build.0 = Debug|Any CPU
		{A9F5CC02-2D06-4E7F-99B2-F5DF06B10362}.Release|Any CPU.ActiveCfg = Release|Any CPU
		{A9F5CC02-2D06-4E7F-99B2-F5DF06B10362}.Release|Any CPU.Build.0 = Release|Any CPU
		{43BFA69A-28F0-407D-A677-671879D810E9}.Debug|Any CPU.ActiveCfg = Debug|Any CPU
		{43BFA69A-28F0-407D-A677-671879D810E9}.Debug|Any CPU.Build.0 = Debug|Any CPU
		{43BFA69A-28F0-407D-A677-671879D810E9}.Release|Any CPU.ActiveCfg = Release|Any CPU
		{43BFA69A-28F0-407D-A677-671879D810E9}.Release|Any CPU.Build.0 = Release|Any CPU
	EndGlobalSection
	GlobalSection(SolutionProperties) = preSolution
		HideSolutionNode = FALSE
	EndGlobalSection
	GlobalSection(ExtensibilityGlobals) = postSolution
		SolutionGuid = {61515E0A-2A14-49FC-BCE3-AF86A62585D1}
	EndGlobalSection
EndGlobal
