
Microsoft Visual Studio Solution File, Format Version 12.00
# Visual Studio Version 17
VisualStudioVersion = 17.5.33530.505
MinimumVisualStudioVersion = 10.0.40219.1
Project("{FAE04EC0-301F-11D3-BF4B-00C04F79EFBC}") = "Calendar", "Calendar.csproj", "{7A872E69-CD98-4E74-A568-EB9AA2A0E99D}"
EndProject
Global
	GlobalSection(SolutionConfigurationPlatforms) = preSolution
		Debug|Any CPU = Debug|Any CPU
		Release|Any CPU = Release|Any CPU
	EndGlobalSection
	GlobalSection(ProjectConfigurationPlatforms) = postSolution
		{7A872E69-CD98-4E74-A568-EB9AA2A0E99D}.Debug|Any CPU.ActiveCfg = Debug|Any CPU
		{7A872E69-CD98-4E74-A568-EB9AA2A0E99D}.Debug|Any CPU.Build.0 = Debug|Any CPU
		{7A872E69-CD98-4E74-A568-EB9AA2A0E99D}.Release|Any CPU.ActiveCfg = Release|Any CPU
		{7A872E69-CD98-4E74-A568-EB9AA2A0E99D}.Release|Any CPU.Build.0 = Release|Any CPU
	EndGlobalSection
	GlobalSection(SolutionProperties) = preSolution
		HideSolutionNode = FALSE
	EndGlobalSection
	GlobalSection(ExtensibilityGlobals) = postSolution
		SolutionGuid = {7848D541-AF4D-4771-9084-CF8CF763A7D3}
	EndGlobalSection
EndGlobal
